
Microsoft Visual Studio Solution File, Format Version 12.00
# Visual Studio Version 17
VisualStudioVersion = 17.0.31903.59
MinimumVisualStudioVersion = 10.0.40219.1
Project("{9A19103F-16F7-4668-BE54-9A1E7A4F7556}") = "VNLib.Plugins.Essentials.Accounts", "plugins\VNLib.Plugins.Essentials.Accounts\src\VNLib.Plugins.Essentials.Accounts.csproj", "{56AA96E6-4AFE-4461-9BC0-3E1F63022474}"
EndProject
Project("{9A19103F-16F7-4668-BE54-9A1E7A4F7556}") = "VNLib.Plugins.Essentials.Accounts.Registration", "plugins\VNLib.Plugins.Essentials.Accounts.Registration\src\VNLib.Plugins.Essentials.Accounts.Registration.csproj", "{13CE7998-447C-4552-B20F-AB40B1D17F74}"
EndProject
Project("{9A19103F-16F7-4668-BE54-9A1E7A4F7556}") = "VNLib.Plugins.Essentials.Content.Routing", "plugins\VNLib.Plugins.Essentials.Content.Routing\src\VNLib.Plugins.Essentials.Content.Routing.csproj", "{384CA311-C442-44E4-A54F-D50F4C1270D7}"
EndProject
Project("{2150E333-8FDC-42A3-9474-1A3956D46DE8}") = "Solution Items", "Solution Items", "{481E5ABF-D132-46CA-A579-B99FAD82FA48}"
	ProjectSection(SolutionItems) = preProject
		.gitattributes = .gitattributes
		.gitignore = .gitignore
		.onedev-buildspec.yml = .onedev-buildspec.yml
		GitVersion.yml = GitVersion.yml
		LICENSE = LICENSE
		Module.Taskfile.yaml = Module.Taskfile.yaml
		README.md = README.md
		Taskfile.yaml = Taskfile.yaml
	EndProjectSection
EndProject
Project("{9A19103F-16F7-4668-BE54-9A1E7A4F7556}") = "VNLib.Plugins.Essentials.Auth.Social", "plugins\VNLib.Plugins.Essentials.Auth.Social\src\VNLib.Plugins.Essentials.Auth.Social.csproj", "{788095E6-A3F2-4C37-9FAA-76AEB96601C0}"
EndProject
Project("{2150E333-8FDC-42A3-9474-1A3956D46DE8}") = "Providers", "Providers", "{FF99AAA6-D1E2-4C4E-B5EC-2A12C7A0E15A}"
EndProject
Project("{9A19103F-16F7-4668-BE54-9A1E7A4F7556}") = "VNLib.Plugins.Essentials.Auth.Github", "plugins\providers\VNLib.Plugins.Essentials.Auth.Github\src\VNLib.Plugins.Essentials.Auth.Github.csproj", "{6E54935B-DD2E-4EF0-9382-F64D36616442}"
EndProject
Project("{9A19103F-16F7-4668-BE54-9A1E7A4F7556}") = "VNLib.Plugins.Essentials.Auth.Discord", "plugins\providers\VNLib.Plugins.Essentials.Auth.Discord\src\VNLib.Plugins.Essentials.Auth.Discord.csproj", "{7429F297-562F-4830-88C1-4F32B8D0A749}"
EndProject
Project("{9A19103F-16F7-4668-BE54-9A1E7A4F7556}") = "VNLib.Plugins.Essentials.Auth.Auth0", "plugins\providers\VNLib.Plugins.Essentials.Auth.Auth0\src\VNLib.Plugins.Essentials.Auth.Auth0.csproj", "{B192FDBC-D22A-49CF-85C7-F421E3FA1B25}"
EndProject
Project("{9A19103F-16F7-4668-BE54-9A1E7A4F7556}") = "VNLib.Plugins.Essentials.Accounts.AppData", "plugins\VNLib.Plugins.Essentials.Accounts.AppData\src\VNLib.Plugins.Essentials.Accounts.AppData.csproj", "{CCA18B6A-491F-424A-9104-6D399D9CB775}"
EndProject
Project("{2150E333-8FDC-42A3-9474-1A3956D46DE8}") = "lib", "lib", "{695430DB-0563-4785-987D-2F895CC3CE0C}"
EndProject
Project("{9A19103F-16F7-4668-BE54-9A1E7A4F7556}") = "VNLib.Plugins.Essentials.Users", "lib\VNLib.Plugins.Essentials.Users\src\VNLib.Plugins.Essentials.Users.csproj", "{4CDD9D90-1013-442F-B651-9604B69B60C1}"
EndProject
Project("{2150E333-8FDC-42A3-9474-1A3956D46DE8}") = "tests", "tests", "{28FF43C1-E1F2-4151-99C4-21F807B15114}"
EndProject
Project("{2150E333-8FDC-42A3-9474-1A3956D46DE8}") = "Plugins", "Plugins", "{4F81A26F-BBDA-4C51-8F75-446EAA76E354}"
EndProject
Project("{FAE04EC0-301F-11D3-BF4B-00C04F79EFBC}") = "Plugins.Essentials.Tests", "tests\plugin-tests\Plugins.Essentials.Tests.csproj", "{D1CCB69C-CD9B-462C-B404-3D063FB7F285}"
EndProject
Project("{FAE04EC0-301F-11D3-BF4B-00C04F79EFBC}") = "VNLib.Plugins.Essentials.Oauth", "lib\VNLib.Plugins.Essentials.Oauth\src\VNLib.Plugins.Essentials.Oauth.csproj", "{552FFDFF-168F-4722-8F33-ADABEDD354D7}"
EndProject
Project("{FAE04EC0-301F-11D3-BF4B-00C04F79EFBC}") = "VNLib.Plugins.Sessions.Cache.Client", "lib\VNLib.Plugins.Sessions.Cache.Client\src\VNLib.Plugins.Sessions.Cache.Client.csproj", "{309913E3-B8B6-41AD-A531-06E96064E8F6}"
EndProject
Project("{FAE04EC0-301F-11D3-BF4B-00C04F79EFBC}") = "VNLib.Plugins.Sessions.OAuth", "lib\VNLib.Plugins.Sessions.OAuth\src\VNLib.Plugins.Sessions.OAuth.csproj", "{6D37A25A-2041-42B2-BC0D-920DFEB2BFC1}"
EndProject
Project("{FAE04EC0-301F-11D3-BF4B-00C04F79EFBC}") = "VNLib.Plugins.Sessions.VNCache", "lib\VNLib.Plugins.Sessions.VNCache\src\VNLib.Plugins.Sessions.VNCache.csproj", "{2F644B72-9651-4DDD-9B88-23FECF4D7A59}"
EndProject
Project("{FAE04EC0-301F-11D3-BF4B-00C04F79EFBC}") = "SessionProvider", "plugins\VNLib.Plugins.Sessions.SessionProvider\src\SessionProvider.csproj", "{7A0CCAB4-383F-4966-A04E-0DD429E8A45E}"
EndProject
Project("{FAE04EC0-301F-11D3-BF4B-00C04F79EFBC}") = "VNLib.Plugins.Essentials.Oauth.ClientApps", "plugins\VNLib.Plugins.Essentials.Oauth.ClientApps\src\VNLib.Plugins.Essentials.Oauth.ClientApps.csproj", "{7114E9E6-5093-4ABB-BC37-149769D2FED7}"
EndProject
Global
	GlobalSection(SolutionConfigurationPlatforms) = preSolution
		Debug|Any CPU = Debug|Any CPU
		Release|Any CPU = Release|Any CPU
	EndGlobalSection
	GlobalSection(ProjectConfigurationPlatforms) = postSolution
		{56AA96E6-4AFE-4461-9BC0-3E1F63022474}.Debug|Any CPU.ActiveCfg = Debug|Any CPU
		{56AA96E6-4AFE-4461-9BC0-3E1F63022474}.Debug|Any CPU.Build.0 = Debug|Any CPU
		{56AA96E6-4AFE-4461-9BC0-3E1F63022474}.Release|Any CPU.ActiveCfg = Release|Any CPU
		{56AA96E6-4AFE-4461-9BC0-3E1F63022474}.Release|Any CPU.Build.0 = Release|Any CPU
		{13CE7998-447C-4552-B20F-AB40B1D17F74}.Debug|Any CPU.ActiveCfg = Debug|Any CPU
		{13CE7998-447C-4552-B20F-AB40B1D17F74}.Debug|Any CPU.Build.0 = Debug|Any CPU
		{13CE7998-447C-4552-B20F-AB40B1D17F74}.Release|Any CPU.ActiveCfg = Release|Any CPU
		{13CE7998-447C-4552-B20F-AB40B1D17F74}.Release|Any CPU.Build.0 = Release|Any CPU
		{384CA311-C442-44E4-A54F-D50F4C1270D7}.Debug|Any CPU.ActiveCfg = Debug|Any CPU
		{384CA311-C442-44E4-A54F-D50F4C1270D7}.Debug|Any CPU.Build.0 = Debug|Any CPU
		{384CA311-C442-44E4-A54F-D50F4C1270D7}.Release|Any CPU.ActiveCfg = Release|Any CPU
		{384CA311-C442-44E4-A54F-D50F4C1270D7}.Release|Any CPU.Build.0 = Release|Any CPU
		{788095E6-A3F2-4C37-9FAA-76AEB96601C0}.Debug|Any CPU.ActiveCfg = Debug|Any CPU
		{788095E6-A3F2-4C37-9FAA-76AEB96601C0}.Debug|Any CPU.Build.0 = Debug|Any CPU
		{788095E6-A3F2-4C37-9FAA-76AEB96601C0}.Release|Any CPU.ActiveCfg = Release|Any CPU
		{788095E6-A3F2-4C37-9FAA-76AEB96601C0}.Release|Any CPU.Build.0 = Release|Any CPU
		{6E54935B-DD2E-4EF0-9382-F64D36616442}.Debug|Any CPU.ActiveCfg = Debug|Any CPU
		{6E54935B-DD2E-4EF0-9382-F64D36616442}.Debug|Any CPU.Build.0 = Debug|Any CPU
		{6E54935B-DD2E-4EF0-9382-F64D36616442}.Release|Any CPU.ActiveCfg = Release|Any CPU
		{6E54935B-DD2E-4EF0-9382-F64D36616442}.Release|Any CPU.Build.0 = Release|Any CPU
		{7429F297-562F-4830-88C1-4F32B8D0A749}.Debug|Any CPU.ActiveCfg = Debug|Any CPU
		{7429F297-562F-4830-88C1-4F32B8D0A749}.Debug|Any CPU.Build.0 = Debug|Any CPU
		{7429F297-562F-4830-88C1-4F32B8D0A749}.Release|Any CPU.ActiveCfg = Release|Any CPU
		{7429F297-562F-4830-88C1-4F32B8D0A749}.Release|Any CPU.Build.0 = Release|Any CPU
		{B192FDBC-D22A-49CF-85C7-F421E3FA1B25}.Debug|Any CPU.ActiveCfg = Debug|Any CPU
		{B192FDBC-D22A-49CF-85C7-F421E3FA1B25}.Debug|Any CPU.Build.0 = Debug|Any CPU
		{B192FDBC-D22A-49CF-85C7-F421E3FA1B25}.Release|Any CPU.ActiveCfg = Release|Any CPU
		{B192FDBC-D22A-49CF-85C7-F421E3FA1B25}.Release|Any CPU.Build.0 = Release|Any CPU
		{CCA18B6A-491F-424A-9104-6D399D9CB775}.Debug|Any CPU.ActiveCfg = Debug|Any CPU
		{CCA18B6A-491F-424A-9104-6D399D9CB775}.Debug|Any CPU.Build.0 = Debug|Any CPU
		{CCA18B6A-491F-424A-9104-6D399D9CB775}.Release|Any CPU.ActiveCfg = Release|Any CPU
		{CCA18B6A-491F-424A-9104-6D399D9CB775}.Release|Any CPU.Build.0 = Release|Any CPU
		{4CDD9D90-1013-442F-B651-9604B69B60C1}.Debug|Any CPU.ActiveCfg = Debug|Any CPU
		{4CDD9D90-1013-442F-B651-9604B69B60C1}.Debug|Any CPU.Build.0 = Debug|Any CPU
		{4CDD9D90-1013-442F-B651-9604B69B60C1}.Release|Any CPU.ActiveCfg = Release|Any CPU
		{4CDD9D90-1013-442F-B651-9604B69B60C1}.Release|Any CPU.Build.0 = Release|Any CPU
		{D1CCB69C-CD9B-462C-B404-3D063FB7F285}.Debug|Any CPU.ActiveCfg = Debug|Any CPU
		{D1CCB69C-CD9B-462C-B404-3D063FB7F285}.Debug|Any CPU.Build.0 = Debug|Any CPU
		{D1CCB69C-CD9B-462C-B404-3D063FB7F285}.Release|Any CPU.ActiveCfg = Release|Any CPU
		{D1CCB69C-CD9B-462C-B404-3D063FB7F285}.Release|Any CPU.Build.0 = Release|Any CPU
		{552FFDFF-168F-4722-8F33-ADABEDD354D7}.Debug|Any CPU.ActiveCfg = Debug|Any CPU
		{552FFDFF-168F-4722-8F33-ADABEDD354D7}.Debug|Any CPU.Build.0 = Debug|Any CPU
		{552FFDFF-168F-4722-8F33-ADABEDD354D7}.Release|Any CPU.ActiveCfg = Release|Any CPU
		{552FFDFF-168F-4722-8F33-ADABEDD354D7}.Release|Any CPU.Build.0 = Release|Any CPU
		{309913E3-B8B6-41AD-A531-06E96064E8F6}.Debug|Any CPU.ActiveCfg = Debug|Any CPU
		{309913E3-B8B6-41AD-A531-06E96064E8F6}.Debug|Any CPU.Build.0 = Debug|Any CPU
		{309913E3-B8B6-41AD-A531-06E96064E8F6}.Release|Any CPU.ActiveCfg = Release|Any CPU
		{309913E3-B8B6-41AD-A531-06E96064E8F6}.Release|Any CPU.Build.0 = Release|Any CPU
		{6D37A25A-2041-42B2-BC0D-920DFEB2BFC1}.Debug|Any CPU.ActiveCfg = Debug|Any CPU
		{6D37A25A-2041-42B2-BC0D-920DFEB2BFC1}.Debug|Any CPU.Build.0 = Debug|Any CPU
		{6D37A25A-2041-42B2-BC0D-920DFEB2BFC1}.Release|Any CPU.ActiveCfg = Release|Any CPU
		{6D37A25A-2041-42B2-BC0D-920DFEB2BFC1}.Release|Any CPU.Build.0 = Release|Any CPU
		{2F644B72-9651-4DDD-9B88-23FECF4D7A59}.Debug|Any CPU.ActiveCfg = Debug|Any CPU
		{2F644B72-9651-4DDD-9B88-23FECF4D7A59}.Debug|Any CPU.Build.0 = Debug|Any CPU
		{2F644B72-9651-4DDD-9B88-23FECF4D7A59}.Release|Any CPU.ActiveCfg = Release|Any CPU
		{2F644B72-9651-4DDD-9B88-23FECF4D7A59}.Release|Any CPU.Build.0 = Release|Any CPU
		{7A0CCAB4-383F-4966-A04E-0DD429E8A45E}.Debug|Any CPU.ActiveCfg = Debug|Any CPU
		{7A0CCAB4-383F-4966-A04E-0DD429E8A45E}.Debug|Any CPU.Build.0 = Debug|Any CPU
		{7A0CCAB4-383F-4966-A04E-0DD429E8A45E}.Release|Any CPU.ActiveCfg = Release|Any CPU
		{7A0CCAB4-383F-4966-A04E-0DD429E8A45E}.Release|Any CPU.Build.0 = Release|Any CPU
		{7114E9E6-5093-4ABB-BC37-149769D2FED7}.Debug|Any CPU.ActiveCfg = Debug|Any CPU
		{7114E9E6-5093-4ABB-BC37-149769D2FED7}.Debug|Any CPU.Build.0 = Debug|Any CPU
		{7114E9E6-5093-4ABB-BC37-149769D2FED7}.Release|Any CPU.ActiveCfg = Release|Any CPU
		{7114E9E6-5093-4ABB-BC37-149769D2FED7}.Release|Any CPU.Build.0 = Release|Any CPU
	EndGlobalSection
	GlobalSection(SolutionProperties) = preSolution
		HideSolutionNode = FALSE
	EndGlobalSection
	GlobalSection(NestedProjects) = preSolution
		{56AA96E6-4AFE-4461-9BC0-3E1F63022474} = {4F81A26F-BBDA-4C51-8F75-446EAA76E354}
		{13CE7998-447C-4552-B20F-AB40B1D17F74} = {4F81A26F-BBDA-4C51-8F75-446EAA76E354}
		{384CA311-C442-44E4-A54F-D50F4C1270D7} = {4F81A26F-BBDA-4C51-8F75-446EAA76E354}
		{788095E6-A3F2-4C37-9FAA-76AEB96601C0} = {4F81A26F-BBDA-4C51-8F75-446EAA76E354}
		{6E54935B-DD2E-4EF0-9382-F64D36616442} = {FF99AAA6-D1E2-4C4E-B5EC-2A12C7A0E15A}
		{7429F297-562F-4830-88C1-4F32B8D0A749} = {FF99AAA6-D1E2-4C4E-B5EC-2A12C7A0E15A}
		{B192FDBC-D22A-49CF-85C7-F421E3FA1B25} = {FF99AAA6-D1E2-4C4E-B5EC-2A12C7A0E15A}
		{CCA18B6A-491F-424A-9104-6D399D9CB775} = {4F81A26F-BBDA-4C51-8F75-446EAA76E354}
		{4CDD9D90-1013-442F-B651-9604B69B60C1} = {695430DB-0563-4785-987D-2F895CC3CE0C}
		{D1CCB69C-CD9B-462C-B404-3D063FB7F285} = {28FF43C1-E1F2-4151-99C4-21F807B15114}
		{552FFDFF-168F-4722-8F33-ADABEDD354D7} = {695430DB-0563-4785-987D-2F895CC3CE0C}
		{309913E3-B8B6-41AD-A531-06E96064E8F6} = {695430DB-0563-4785-987D-2F895CC3CE0C}
		{6D37A25A-2041-42B2-BC0D-920DFEB2BFC1} = {695430DB-0563-4785-987D-2F895CC3CE0C}
		{2F644B72-9651-4DDD-9B88-23FECF4D7A59} = {695430DB-0563-4785-987D-2F895CC3CE0C}
		{7A0CCAB4-383F-4966-A04E-0DD429E8A45E} = {4F81A26F-BBDA-4C51-8F75-446EAA76E354}
		{7114E9E6-5093-4ABB-BC37-149769D2FED7} = {4F81A26F-BBDA-4C51-8F75-446EAA76E354}
	EndGlobalSection
	GlobalSection(ExtensibilityGlobals) = postSolution
		SolutionGuid = {BA2844FD-C565-4DB1-93B9-B110C6EEB3DC}
	EndGlobalSection
EndGlobal
