
Microsoft Visual Studio Solution File, Format Version 12.00
# Visual Studio Version 17
VisualStudioVersion = 17.0.31903.59
MinimumVisualStudioVersion = 10.0.40219.1
Project("{9A19103F-16F7-4668-BE54-9A1E7A4F7556}") = "VNLib.Plugins.Essentials.Accounts", "plugins\VNLib.Plugins.Essentials.Accounts\src\VNLib.Plugins.Essentials.Accounts.csproj", "{56AA96E6-4AFE-4461-9BC0-3E1F63022474}"
EndProject
Project("{9A19103F-16F7-4668-BE54-9A1E7A4F7556}") = "VNLib.Plugins.Essentials.Accounts.Registration", "plugins\VNLib.Plugins.Essentials.Accounts.Registration\src\VNLib.Plugins.Essentials.Accounts.Registration.csproj", "{13CE7998-447C-4552-B20F-AB40B1D17F74}"
EndProject
Project("{9A19103F-16F7-4668-BE54-9A1E7A4F7556}") = "VNLib.Plugins.Essentials.Content.Routing", "plugins\VNLib.Plugins.Essentials.Content.Routing\src\VNLib.Plugins.Essentials.Content.Routing.csproj", "{384CA311-C442-44E4-A54F-D50F4C1270D7}"
EndProject
Project("{2150E333-8FDC-42A3-9474-1A3956D46DE8}") = "Solution Items", "Solution Items", "{481E5ABF-D132-46CA-A579-B99FAD82FA48}"
	ProjectSection(SolutionItems) = preProject
		.gitattributes = .gitattributes
		.gitignore = .gitignore
		.onedev-buildspec.yml = .onedev-buildspec.yml
		GitVersion.yml = GitVersion.yml
		LICENSE = LICENSE
		Module.Taskfile.yaml = Module.Taskfile.yaml
		README.md = README.md
		Taskfile.yaml = Taskfile.yaml
	EndProjectSection
EndProject
Project("{9A19103F-16F7-4668-BE54-9A1E7A4F7556}") = "VNLib.Plugins.Essentials.Auth.Social", "plugins\VNLib.Plugins.Essentials.Auth.Social\src\VNLib.Plugins.Essentials.Auth.Social.csproj", "{788095E6-A3F2-4C37-9FAA-76AEB96601C0}"
EndProject
Project("{2150E333-8FDC-42A3-9474-1A3956D46DE8}") = "Providers", "Providers", "{FF99AAA6-D1E2-4C4E-B5EC-2A12C7A0E15A}"
EndProject
Project("{9A19103F-16F7-4668-BE54-9A1E7A4F7556}") = "VNLib.Plugins.Essentials.Auth.Github", "plugins\providers\VNLib.Plugins.Essentials.Auth.Github\src\VNLib.Plugins.Essentials.Auth.Github.csproj", "{6E54935B-DD2E-4EF0-9382-F64D36616442}"
EndProject
Project("{9A19103F-16F7-4668-BE54-9A1E7A4F7556}") = "VNLib.Plugins.Essentials.Auth.Discord", "plugins\providers\VNLib.Plugins.Essentials.Auth.Discord\src\VNLib.Plugins.Essentials.Auth.Discord.csproj", "{7429F297-562F-4830-88C1-4F32B8D0A749}"
EndProject
Project("{9A19103F-16F7-4668-BE54-9A1E7A4F7556}") = "VNLib.Plugins.Essentials.Auth.Auth0", "plugins\providers\VNLib.Plugins.Essentials.Auth.Auth0\src\VNLib.Plugins.Essentials.Auth.Auth0.csproj", "{B192FDBC-D22A-49CF-85C7-F421E3FA1B25}"
EndProject
Project("{9A19103F-16F7-4668-BE54-9A1E7A4F7556}") = "VNLib.Plugins.Essentials.Accounts.AppData", "plugins\VNLib.Plugins.Essentials.Accounts.AppData\src\VNLib.Plugins.Essentials.Accounts.AppData.csproj", "{CCA18B6A-491F-424A-9104-6D399D9CB775}"
EndProject
Global
	GlobalSection(SolutionConfigurationPlatforms) = preSolution
		Debug|Any CPU = Debug|Any CPU
		Release|Any CPU = Release|Any CPU
	EndGlobalSection
	GlobalSection(ProjectConfigurationPlatforms) = postSolution
		{56AA96E6-4AFE-4461-9BC0-3E1F63022474}.Debug|Any CPU.ActiveCfg = Debug|Any CPU
		{56AA96E6-4AFE-4461-9BC0-3E1F63022474}.Debug|Any CPU.Build.0 = Debug|Any CPU
		{56AA96E6-4AFE-4461-9BC0-3E1F63022474}.Release|Any CPU.ActiveCfg = Release|Any CPU
		{56AA96E6-4AFE-4461-9BC0-3E1F63022474}.Release|Any CPU.Build.0 = Release|Any CPU
		{13CE7998-447C-4552-B20F-AB40B1D17F74}.Debug|Any CPU.ActiveCfg = Debug|Any CPU
		{13CE7998-447C-4552-B20F-AB40B1D17F74}.Debug|Any CPU.Build.0 = Debug|Any CPU
		{13CE7998-447C-4552-B20F-AB40B1D17F74}.Release|Any CPU.ActiveCfg = Release|Any CPU
		{13CE7998-447C-4552-B20F-AB40B1D17F74}.Release|Any CPU.Build.0 = Release|Any CPU
		{384CA311-C442-44E4-A54F-D50F4C1270D7}.Debug|Any CPU.ActiveCfg = Debug|Any CPU
		{384CA311-C442-44E4-A54F-D50F4C1270D7}.Debug|Any CPU.Build.0 = Debug|Any CPU
		{384CA311-C442-44E4-A54F-D50F4C1270D7}.Release|Any CPU.ActiveCfg = Release|Any CPU
		{384CA311-C442-44E4-A54F-D50F4C1270D7}.Release|Any CPU.Build.0 = Release|Any CPU
		{788095E6-A3F2-4C37-9FAA-76AEB96601C0}.Debug|Any CPU.ActiveCfg = Debug|Any CPU
		{788095E6-A3F2-4C37-9FAA-76AEB96601C0}.Debug|Any CPU.Build.0 = Debug|Any CPU
		{788095E6-A3F2-4C37-9FAA-76AEB96601C0}.Release|Any CPU.ActiveCfg = Release|Any CPU
		{788095E6-A3F2-4C37-9FAA-76AEB96601C0}.Release|Any CPU.Build.0 = Release|Any CPU
		{6E54935B-DD2E-4EF0-9382-F64D36616442}.Debug|Any CPU.ActiveCfg = Debug|Any CPU
		{6E54935B-DD2E-4EF0-9382-F64D36616442}.Debug|Any CPU.Build.0 = Debug|Any CPU
		{6E54935B-DD2E-4EF0-9382-F64D36616442}.Release|Any CPU.ActiveCfg = Release|Any CPU
		{6E54935B-DD2E-4EF0-9382-F64D36616442}.Release|Any CPU.Build.0 = Release|Any CPU
		{7429F297-562F-4830-88C1-4F32B8D0A749}.Debug|Any CPU.ActiveCfg = Debug|Any CPU
		{7429F297-562F-4830-88C1-4F32B8D0A749}.Debug|Any CPU.Build.0 = Debug|Any CPU
		{7429F297-562F-4830-88C1-4F32B8D0A749}.Release|Any CPU.ActiveCfg = Release|Any CPU
		{7429F297-562F-4830-88C1-4F32B8D0A749}.Release|Any CPU.Build.0 = Release|Any CPU
		{B192FDBC-D22A-49CF-85C7-F421E3FA1B25}.Debug|Any CPU.ActiveCfg = Debug|Any CPU
		{B192FDBC-D22A-49CF-85C7-F421E3FA1B25}.Debug|Any CPU.Build.0 = Debug|Any CPU
		{B192FDBC-D22A-49CF-85C7-F421E3FA1B25}.Release|Any CPU.ActiveCfg = Release|Any CPU
		{B192FDBC-D22A-49CF-85C7-F421E3FA1B25}.Release|Any CPU.Build.0 = Release|Any CPU
		{CCA18B6A-491F-424A-9104-6D399D9CB775}.Debug|Any CPU.ActiveCfg = Debug|Any CPU
		{CCA18B6A-491F-424A-9104-6D399D9CB775}.Debug|Any CPU.Build.0 = Debug|Any CPU
		{CCA18B6A-491F-424A-9104-6D399D9CB775}.Release|Any CPU.ActiveCfg = Release|Any CPU
		{CCA18B6A-491F-424A-9104-6D399D9CB775}.Release|Any CPU.Build.0 = Release|Any CPU
	EndGlobalSection
	GlobalSection(SolutionProperties) = preSolution
		HideSolutionNode = FALSE
	EndGlobalSection
	GlobalSection(NestedProjects) = preSolution
		{6E54935B-DD2E-4EF0-9382-F64D36616442} = {FF99AAA6-D1E2-4C4E-B5EC-2A12C7A0E15A}
		{7429F297-562F-4830-88C1-4F32B8D0A749} = {FF99AAA6-D1E2-4C4E-B5EC-2A12C7A0E15A}
		{B192FDBC-D22A-49CF-85C7-F421E3FA1B25} = {FF99AAA6-D1E2-4C4E-B5EC-2A12C7A0E15A}
	EndGlobalSection
	GlobalSection(ExtensibilityGlobals) = postSolution
		SolutionGuid = {BA2844FD-C565-4DB1-93B9-B110C6EEB3DC}
	EndGlobalSection
EndGlobal
