
Microsoft Visual Studio Solution File, Format Version 12.00
# Visual Studio Version 17
VisualStudioVersion = 17.0.31903.59
MinimumVisualStudioVersion = 10.0.40219.1
Project("{9A19103F-16F7-4668-BE54-9A1E7A4F7556}") = "VNLib.Plugins.Essentials.Accounts", "plugins\VNLib.Plugins.Essentials.Accounts\src\VNLib.Plugins.Essentials.Accounts.csproj", "{56AA96E6-4AFE-4461-9BC0-3E1F63022474}"
EndProject
Project("{9A19103F-16F7-4668-BE54-9A1E7A4F7556}") = "VNLib.Plugins.Essentials.Accounts.Registration", "plugins\VNLib.Plugins.Essentials.Accounts.Registration\src\VNLib.Plugins.Essentials.Accounts.Registration.csproj", "{13CE7998-447C-4552-B20F-AB40B1D17F74}"
EndProject
Project("{9A19103F-16F7-4668-BE54-9A1E7A4F7556}") = "VNLib.Plugins.Essentials.Content.Routing", "plugins\VNLib.Plugins.Essentials.Content.Routing\src\VNLib.Plugins.Essentials.Content.Routing.csproj", "{384CA311-C442-44E4-A54F-D50F4C1270D7}"
EndProject
Project("{9A19103F-16F7-4668-BE54-9A1E7A4F7556}") = "VNLib.Plugins.Essentials.SocialOauth", "plugins\VNLib.Plugins.Essentials.SocialOauth\src\VNLib.Plugins.Essentials.SocialOauth.csproj", "{581E891A-C630-4329-9122-99ADE9FA7ADF}"
EndProject
Project("{2150E333-8FDC-42A3-9474-1A3956D46DE8}") = "Solution Items", "Solution Items", "{481E5ABF-D132-46CA-A579-B99FAD82FA48}"
	ProjectSection(SolutionItems) = preProject
		.gitattributes = .gitattributes
		.gitignore = .gitignore
		.onedev-buildspec.yml = .onedev-buildspec.yml
		LICENSE.txt = LICENSE.txt
		Module.Taskfile.yaml = Module.Taskfile.yaml
		README.md = README.md
		Taskfile.yaml = Taskfile.yaml
	EndProjectSection
EndProject
Global
	GlobalSection(SolutionConfigurationPlatforms) = preSolution
		Debug|Any CPU = Debug|Any CPU
		Release|Any CPU = Release|Any CPU
	EndGlobalSection
	GlobalSection(ProjectConfigurationPlatforms) = postSolution
		{56AA96E6-4AFE-4461-9BC0-3E1F63022474}.Debug|Any CPU.ActiveCfg = Debug|Any CPU
		{56AA96E6-4AFE-4461-9BC0-3E1F63022474}.Debug|Any CPU.Build.0 = Debug|Any CPU
		{56AA96E6-4AFE-4461-9BC0-3E1F63022474}.Release|Any CPU.ActiveCfg = Release|Any CPU
		{56AA96E6-4AFE-4461-9BC0-3E1F63022474}.Release|Any CPU.Build.0 = Release|Any CPU
		{13CE7998-447C-4552-B20F-AB40B1D17F74}.Debug|Any CPU.ActiveCfg = Debug|Any CPU
		{13CE7998-447C-4552-B20F-AB40B1D17F74}.Debug|Any CPU.Build.0 = Debug|Any CPU
		{13CE7998-447C-4552-B20F-AB40B1D17F74}.Release|Any CPU.ActiveCfg = Release|Any CPU
		{13CE7998-447C-4552-B20F-AB40B1D17F74}.Release|Any CPU.Build.0 = Release|Any CPU
		{384CA311-C442-44E4-A54F-D50F4C1270D7}.Debug|Any CPU.ActiveCfg = Debug|Any CPU
		{384CA311-C442-44E4-A54F-D50F4C1270D7}.Debug|Any CPU.Build.0 = Debug|Any CPU
		{384CA311-C442-44E4-A54F-D50F4C1270D7}.Release|Any CPU.ActiveCfg = Release|Any CPU
		{384CA311-C442-44E4-A54F-D50F4C1270D7}.Release|Any CPU.Build.0 = Release|Any CPU
		{581E891A-C630-4329-9122-99ADE9FA7ADF}.Debug|Any CPU.ActiveCfg = Debug|Any CPU
		{581E891A-C630-4329-9122-99ADE9FA7ADF}.Debug|Any CPU.Build.0 = Debug|Any CPU
		{581E891A-C630-4329-9122-99ADE9FA7ADF}.Release|Any CPU.ActiveCfg = Release|Any CPU
		{581E891A-C630-4329-9122-99ADE9FA7ADF}.Release|Any CPU.Build.0 = Release|Any CPU
	EndGlobalSection
	GlobalSection(SolutionProperties) = preSolution
		HideSolutionNode = FALSE
	EndGlobalSection
	GlobalSection(ExtensibilityGlobals) = postSolution
		SolutionGuid = {BA2844FD-C565-4DB1-93B9-B110C6EEB3DC}
	EndGlobalSection
EndGlobal
